// !$*UTF8*$!
{
	archiveVersion = 1;
	classes = {
	};
	objectVersion = 55;
	objects = {

/* Begin PBXBuildFile section */
		3F8543B528B1F42A00325DFF /* Cuppa.swift in Sources */ = {isa = PBXBuildFile; fileRef = 3F8543B428B1F42A00325DFF /* Cuppa.swift */; };
		3F8543B728B1F42A00325DFF /* ViewController.swift in Sources */ = {isa = PBXBuildFile; fileRef = 3F8543B628B1F42A00325DFF /* ViewController.swift */; };
		3F8543B928B1F42A00325DFF /* Assets.xcassets in Resources */ = {isa = PBXBuildFile; fileRef = 3F8543B828B1F42A00325DFF /* Assets.xcassets */; };
		3F8543C728B1F42A00325DFF /* CuppaTests.swift in Sources */ = {isa = PBXBuildFile; fileRef = 3F8543C628B1F42A00325DFF /* CuppaTests.swift */; };
		3F8543D128B1F42A00325DFF /* CuppaUITests.swift in Sources */ = {isa = PBXBuildFile; fileRef = 3F8543D028B1F42A00325DFF /* CuppaUITests.swift */; };
		3F8543D328B1F42A00325DFF /* CuppaUITestsLaunchTests.swift in Sources */ = {isa = PBXBuildFile; fileRef = 3F8543D228B1F42A00325DFF /* CuppaUITestsLaunchTests.swift */; };
		3F856AF32AAE0B2700E40109 /* SettingsView.swift in Sources */ = {isa = PBXBuildFile; fileRef = 3F856AF22AAE0B2700E40109 /* SettingsView.swift */; };
		3F856AF62AAEC99D00E40109 /* Credits.rtf in Resources */ = {isa = PBXBuildFile; fileRef = 3F856AF52AAEC99D00E40109 /* Credits.rtf */; };
		3FEAC4E92AB02BD200CD904D /* CustomDurationStore.swift in Sources */ = {isa = PBXBuildFile; fileRef = 3FEAC4E82AB02BD200CD904D /* CustomDurationStore.swift */; };
/* End PBXBuildFile section */

/* Begin PBXContainerItemProxy section */
		3F8543C328B1F42A00325DFF /* PBXContainerItemProxy */ = {
			isa = PBXContainerItemProxy;
			containerPortal = 3F8543A928B1F42A00325DFF /* Project object */;
			proxyType = 1;
			remoteGlobalIDString = 3F8543B028B1F42A00325DFF;
			remoteInfo = Cuppa;
		};
		3F8543CD28B1F42A00325DFF /* PBXContainerItemProxy */ = {
			isa = PBXContainerItemProxy;
			containerPortal = 3F8543A928B1F42A00325DFF /* Project object */;
			proxyType = 1;
			remoteGlobalIDString = 3F8543B028B1F42A00325DFF;
			remoteInfo = Cuppa;
		};
/* End PBXContainerItemProxy section */

/* Begin PBXFileReference section */
		3F8543B128B1F42A00325DFF /* Cuppa.app */ = {isa = PBXFileReference; explicitFileType = wrapper.application; includeInIndex = 0; path = Cuppa.app; sourceTree = BUILT_PRODUCTS_DIR; };
		3F8543B428B1F42A00325DFF /* Cuppa.swift */ = {isa = PBXFileReference; lastKnownFileType = sourcecode.swift; path = Cuppa.swift; sourceTree = "<group>"; };
		3F8543B628B1F42A00325DFF /* ViewController.swift */ = {isa = PBXFileReference; lastKnownFileType = sourcecode.swift; path = ViewController.swift; sourceTree = "<group>"; };
		3F8543B828B1F42A00325DFF /* Assets.xcassets */ = {isa = PBXFileReference; lastKnownFileType = folder.assetcatalog; path = Assets.xcassets; sourceTree = "<group>"; };
		3F8543BD28B1F42A00325DFF /* Cuppa.entitlements */ = {isa = PBXFileReference; lastKnownFileType = text.plist.entitlements; path = Cuppa.entitlements; sourceTree = "<group>"; };
		3F8543C228B1F42A00325DFF /* CuppaTests.xctest */ = {isa = PBXFileReference; explicitFileType = wrapper.cfbundle; includeInIndex = 0; path = CuppaTests.xctest; sourceTree = BUILT_PRODUCTS_DIR; };
		3F8543C628B1F42A00325DFF /* CuppaTests.swift */ = {isa = PBXFileReference; lastKnownFileType = sourcecode.swift; path = CuppaTests.swift; sourceTree = "<group>"; };
		3F8543CC28B1F42A00325DFF /* CuppaUITests.xctest */ = {isa = PBXFileReference; explicitFileType = wrapper.cfbundle; includeInIndex = 0; path = CuppaUITests.xctest; sourceTree = BUILT_PRODUCTS_DIR; };
		3F8543D028B1F42A00325DFF /* CuppaUITests.swift */ = {isa = PBXFileReference; lastKnownFileType = sourcecode.swift; path = CuppaUITests.swift; sourceTree = "<group>"; };
		3F8543D228B1F42A00325DFF /* CuppaUITestsLaunchTests.swift */ = {isa = PBXFileReference; lastKnownFileType = sourcecode.swift; path = CuppaUITestsLaunchTests.swift; sourceTree = "<group>"; };
		3F8543E128B1FAB700325DFF /* Info.plist */ = {isa = PBXFileReference; lastKnownFileType = text.plist; path = Info.plist; sourceTree = "<group>"; };
		3F856AF22AAE0B2700E40109 /* SettingsView.swift */ = {isa = PBXFileReference; lastKnownFileType = sourcecode.swift; path = SettingsView.swift; sourceTree = "<group>"; };
		3F856AF52AAEC99D00E40109 /* Credits.rtf */ = {isa = PBXFileReference; lastKnownFileType = text.rtf; path = Credits.rtf; sourceTree = "<group>"; };
		3FEAC4E82AB02BD200CD904D /* CustomDurationStore.swift */ = {isa = PBXFileReference; lastKnownFileType = sourcecode.swift; path = CustomDurationStore.swift; sourceTree = "<group>"; };
/* End PBXFileReference section */

/* Begin PBXFrameworksBuildPhase section */
		3F8543AE28B1F42A00325DFF /* Frameworks */ = {
			isa = PBXFrameworksBuildPhase;
			buildActionMask = 2147483647;
			files = (
			);
			runOnlyForDeploymentPostprocessing = 0;
		};
		3F8543BF28B1F42A00325DFF /* Frameworks */ = {
			isa = PBXFrameworksBuildPhase;
			buildActionMask = 2147483647;
			files = (
			);
			runOnlyForDeploymentPostprocessing = 0;
		};
		3F8543C928B1F42A00325DFF /* Frameworks */ = {
			isa = PBXFrameworksBuildPhase;
			buildActionMask = 2147483647;
			files = (
			);
			runOnlyForDeploymentPostprocessing = 0;
		};
/* End PBXFrameworksBuildPhase section */

/* Begin PBXGroup section */
		3F8543A828B1F42A00325DFF = {
			isa = PBXGroup;
			children = (
				3F8543B328B1F42A00325DFF /* Cuppa */,
				3F8543C528B1F42A00325DFF /* CuppaTests */,
				3F8543CF28B1F42A00325DFF /* CuppaUITests */,
				3F8543B228B1F42A00325DFF /* Products */,
			);
			sourceTree = "<group>";
		};
		3F8543B228B1F42A00325DFF /* Products */ = {
			isa = PBXGroup;
			children = (
				3F8543B128B1F42A00325DFF /* Cuppa.app */,
				3F8543C228B1F42A00325DFF /* CuppaTests.xctest */,
				3F8543CC28B1F42A00325DFF /* CuppaUITests.xctest */,
			);
			name = Products;
			sourceTree = "<group>";
		};
		3F8543B328B1F42A00325DFF /* Cuppa */ = {
			isa = PBXGroup;
			children = (
				3F8543E128B1FAB700325DFF /* Info.plist */,
				3F856AF52AAEC99D00E40109 /* Credits.rtf */,
				3F8543B428B1F42A00325DFF /* Cuppa.swift */,
				3FEAC4E82AB02BD200CD904D /* CustomDurationStore.swift */,
				3F8543B628B1F42A00325DFF /* ViewController.swift */,
				3F8543B828B1F42A00325DFF /* Assets.xcassets */,
				3F8543BD28B1F42A00325DFF /* Cuppa.entitlements */,
				3F856AF22AAE0B2700E40109 /* SettingsView.swift */,
			);
			path = Cuppa;
			sourceTree = "<group>";
		};
		3F8543C528B1F42A00325DFF /* CuppaTests */ = {
			isa = PBXGroup;
			children = (
				3F8543C628B1F42A00325DFF /* CuppaTests.swift */,
			);
			path = CuppaTests;
			sourceTree = "<group>";
		};
		3F8543CF28B1F42A00325DFF /* CuppaUITests */ = {
			isa = PBXGroup;
			children = (
				3F8543D028B1F42A00325DFF /* CuppaUITests.swift */,
				3F8543D228B1F42A00325DFF /* CuppaUITestsLaunchTests.swift */,
			);
			path = CuppaUITests;
			sourceTree = "<group>";
		};
/* End PBXGroup section */

/* Begin PBXNativeTarget section */
		3F8543B028B1F42A00325DFF /* Cuppa */ = {
			isa = PBXNativeTarget;
			buildConfigurationList = 3F8543D628B1F42A00325DFF /* Build configuration list for PBXNativeTarget "Cuppa" */;
			buildPhases = (
				3F8543AD28B1F42A00325DFF /* Sources */,
				3F8543AE28B1F42A00325DFF /* Frameworks */,
				3F8543AF28B1F42A00325DFF /* Resources */,
			);
			buildRules = (
			);
			dependencies = (
			);
			name = Cuppa;
			productName = Cuppa;
			productReference = 3F8543B128B1F42A00325DFF /* Cuppa.app */;
			productType = "com.apple.product-type.application";
		};
		3F8543C128B1F42A00325DFF /* CuppaTests */ = {
			isa = PBXNativeTarget;
			buildConfigurationList = 3F8543D928B1F42A00325DFF /* Build configuration list for PBXNativeTarget "CuppaTests" */;
			buildPhases = (
				3F8543BE28B1F42A00325DFF /* Sources */,
				3F8543BF28B1F42A00325DFF /* Frameworks */,
				3F8543C028B1F42A00325DFF /* Resources */,
			);
			buildRules = (
			);
			dependencies = (
				3F8543C428B1F42A00325DFF /* PBXTargetDependency */,
			);
			name = CuppaTests;
			productName = CuppaTests;
			productReference = 3F8543C228B1F42A00325DFF /* CuppaTests.xctest */;
			productType = "com.apple.product-type.bundle.unit-test";
		};
		3F8543CB28B1F42A00325DFF /* CuppaUITests */ = {
			isa = PBXNativeTarget;
			buildConfigurationList = 3F8543DC28B1F42A00325DFF /* Build configuration list for PBXNativeTarget "CuppaUITests" */;
			buildPhases = (
				3F8543C828B1F42A00325DFF /* Sources */,
				3F8543C928B1F42A00325DFF /* Frameworks */,
				3F8543CA28B1F42A00325DFF /* Resources */,
			);
			buildRules = (
			);
			dependencies = (
				3F8543CE28B1F42A00325DFF /* PBXTargetDependency */,
			);
			name = CuppaUITests;
			productName = CuppaUITests;
			productReference = 3F8543CC28B1F42A00325DFF /* CuppaUITests.xctest */;
			productType = "com.apple.product-type.bundle.ui-testing";
		};
/* End PBXNativeTarget section */

/* Begin PBXProject section */
		3F8543A928B1F42A00325DFF /* Project object */ = {
			isa = PBXProject;
			attributes = {
				BuildIndependentTargetsInParallel = 1;
				LastSwiftUpdateCheck = 1340;
				LastUpgradeCheck = 1340;
				TargetAttributes = {
					3F8543B028B1F42A00325DFF = {
						CreatedOnToolsVersion = 13.4;
					};
					3F8543C128B1F42A00325DFF = {
						CreatedOnToolsVersion = 13.4;
						TestTargetID = 3F8543B028B1F42A00325DFF;
					};
					3F8543CB28B1F42A00325DFF = {
						CreatedOnToolsVersion = 13.4;
						TestTargetID = 3F8543B028B1F42A00325DFF;
					};
				};
			};
			buildConfigurationList = 3F8543AC28B1F42A00325DFF /* Build configuration list for PBXProject "Cuppa" */;
			compatibilityVersion = "Xcode 13.0";
			developmentRegion = en;
			hasScannedForEncodings = 0;
			knownRegions = (
				en,
				Base,
			);
			mainGroup = 3F8543A828B1F42A00325DFF;
			productRefGroup = 3F8543B228B1F42A00325DFF /* Products */;
			projectDirPath = "";
			projectRoot = "";
			targets = (
				3F8543B028B1F42A00325DFF /* Cuppa */,
				3F8543C128B1F42A00325DFF /* CuppaTests */,
				3F8543CB28B1F42A00325DFF /* CuppaUITests */,
			);
		};
/* End PBXProject section */

/* Begin PBXResourcesBuildPhase section */
		3F8543AF28B1F42A00325DFF /* Resources */ = {
			isa = PBXResourcesBuildPhase;
			buildActionMask = 2147483647;
			files = (
				3F8543B928B1F42A00325DFF /* Assets.xcassets in Resources */,
				3F856AF62AAEC99D00E40109 /* Credits.rtf in Resources */,
			);
			runOnlyForDeploymentPostprocessing = 0;
		};
		3F8543C028B1F42A00325DFF /* Resources */ = {
			isa = PBXResourcesBuildPhase;
			buildActionMask = 2147483647;
			files = (
			);
			runOnlyForDeploymentPostprocessing = 0;
		};
		3F8543CA28B1F42A00325DFF /* Resources */ = {
			isa = PBXResourcesBuildPhase;
			buildActionMask = 2147483647;
			files = (
			);
			runOnlyForDeploymentPostprocessing = 0;
		};
/* End PBXResourcesBuildPhase section */

/* Begin PBXSourcesBuildPhase section */
		3F8543AD28B1F42A00325DFF /* Sources */ = {
			isa = PBXSourcesBuildPhase;
			buildActionMask = 2147483647;
			files = (
				3FEAC4E92AB02BD200CD904D /* CustomDurationStore.swift in Sources */,
				3F856AF32AAE0B2700E40109 /* SettingsView.swift in Sources */,
				3F8543B728B1F42A00325DFF /* ViewController.swift in Sources */,
				3F8543B528B1F42A00325DFF /* Cuppa.swift in Sources */,
			);
			runOnlyForDeploymentPostprocessing = 0;
		};
		3F8543BE28B1F42A00325DFF /* Sources */ = {
			isa = PBXSourcesBuildPhase;
			buildActionMask = 2147483647;
			files = (
				3F8543C728B1F42A00325DFF /* CuppaTests.swift in Sources */,
			);
			runOnlyForDeploymentPostprocessing = 0;
		};
		3F8543C828B1F42A00325DFF /* Sources */ = {
			isa = PBXSourcesBuildPhase;
			buildActionMask = 2147483647;
			files = (
				3F8543D328B1F42A00325DFF /* CuppaUITestsLaunchTests.swift in Sources */,
				3F8543D128B1F42A00325DFF /* CuppaUITests.swift in Sources */,
			);
			runOnlyForDeploymentPostprocessing = 0;
		};
/* End PBXSourcesBuildPhase section */

/* Begin PBXTargetDependency section */
		3F8543C428B1F42A00325DFF /* PBXTargetDependency */ = {
			isa = PBXTargetDependency;
			target = 3F8543B028B1F42A00325DFF /* Cuppa */;
			targetProxy = 3F8543C328B1F42A00325DFF /* PBXContainerItemProxy */;
		};
		3F8543CE28B1F42A00325DFF /* PBXTargetDependency */ = {
			isa = PBXTargetDependency;
			target = 3F8543B028B1F42A00325DFF /* Cuppa */;
			targetProxy = 3F8543CD28B1F42A00325DFF /* PBXContainerItemProxy */;
		};
/* End PBXTargetDependency section */

/* Begin XCBuildConfiguration section */
		3F8543D428B1F42A00325DFF /* Debug */ = {
			isa = XCBuildConfiguration;
			buildSettings = {
				ALWAYS_SEARCH_USER_PATHS = NO;
				CLANG_ANALYZER_NONNULL = YES;
				CLANG_ANALYZER_NUMBER_OBJECT_CONVERSION = YES_AGGRESSIVE;
				CLANG_CXX_LANGUAGE_STANDARD = "gnu++17";
				CLANG_ENABLE_MODULES = YES;
				CLANG_ENABLE_OBJC_ARC = YES;
				CLANG_ENABLE_OBJC_WEAK = YES;
				CLANG_WARN_BLOCK_CAPTURE_AUTORELEASING = YES;
				CLANG_WARN_BOOL_CONVERSION = YES;
				CLANG_WARN_COMMA = YES;
				CLANG_WARN_CONSTANT_CONVERSION = YES;
				CLANG_WARN_DEPRECATED_OBJC_IMPLEMENTATIONS = YES;
				CLANG_WARN_DIRECT_OBJC_ISA_USAGE = YES_ERROR;
				CLANG_WARN_DOCUMENTATION_COMMENTS = YES;
				CLANG_WARN_EMPTY_BODY = YES;
				CLANG_WARN_ENUM_CONVERSION = YES;
				CLANG_WARN_INFINITE_RECURSION = YES;
				CLANG_WARN_INT_CONVERSION = YES;
				CLANG_WARN_NON_LITERAL_NULL_CONVERSION = YES;
				CLANG_WARN_OBJC_IMPLICIT_RETAIN_SELF = YES;
				CLANG_WARN_OBJC_LITERAL_CONVERSION = YES;
				CLANG_WARN_OBJC_ROOT_CLASS = YES_ERROR;
				CLANG_WARN_QUOTED_INCLUDE_IN_FRAMEWORK_HEADER = YES;
				CLANG_WARN_RANGE_LOOP_ANALYSIS = YES;
				CLANG_WARN_STRICT_PROTOTYPES = YES;
				CLANG_WARN_SUSPICIOUS_MOVE = YES;
				CLANG_WARN_UNGUARDED_AVAILABILITY = YES_AGGRESSIVE;
				CLANG_WARN_UNREACHABLE_CODE = YES;
				CLANG_WARN__DUPLICATE_METHOD_MATCH = YES;
				COPY_PHASE_STRIP = NO;
				DEBUG_INFORMATION_FORMAT = dwarf;
				ENABLE_STRICT_OBJC_MSGSEND = YES;
				ENABLE_TESTABILITY = YES;
				GCC_C_LANGUAGE_STANDARD = gnu11;
				GCC_DYNAMIC_NO_PIC = NO;
				GCC_NO_COMMON_BLOCKS = YES;
				GCC_OPTIMIZATION_LEVEL = 0;
				GCC_PREPROCESSOR_DEFINITIONS = (
					"DEBUG=1",
					"$(inherited)",
				);
				GCC_WARN_64_TO_32_BIT_CONVERSION = YES;
				GCC_WARN_ABOUT_RETURN_TYPE = YES_ERROR;
				GCC_WARN_UNDECLARED_SELECTOR = YES;
				GCC_WARN_UNINITIALIZED_AUTOS = YES_AGGRESSIVE;
				GCC_WARN_UNUSED_FUNCTION = YES;
				GCC_WARN_UNUSED_VARIABLE = YES;
				MACOSX_DEPLOYMENT_TARGET = 12.3;
				MTL_ENABLE_DEBUG_INFO = INCLUDE_SOURCE;
				MTL_FAST_MATH = YES;
				ONLY_ACTIVE_ARCH = YES;
				SDKROOT = macosx;
				SWIFT_ACTIVE_COMPILATION_CONDITIONS = DEBUG;
				SWIFT_OPTIMIZATION_LEVEL = "-Onone";
			};
			name = Debug;
		};
		3F8543D528B1F42A00325DFF /* Release */ = {
			isa = XCBuildConfiguration;
			buildSettings = {
				ALWAYS_SEARCH_USER_PATHS = NO;
				CLANG_ANALYZER_NONNULL = YES;
				CLANG_ANALYZER_NUMBER_OBJECT_CONVERSION = YES_AGGRESSIVE;
				CLANG_CXX_LANGUAGE_STANDARD = "gnu++17";
				CLANG_ENABLE_MODULES = YES;
				CLANG_ENABLE_OBJC_ARC = YES;
				CLANG_ENABLE_OBJC_WEAK = YES;
				CLANG_WARN_BLOCK_CAPTURE_AUTORELEASING = YES;
				CLANG_WARN_BOOL_CONVERSION = YES;
				CLANG_WARN_COMMA = YES;
				CLANG_WARN_CONSTANT_CONVERSION = YES;
				CLANG_WARN_DEPRECATED_OBJC_IMPLEMENTATIONS = YES;
				CLANG_WARN_DIRECT_OBJC_ISA_USAGE = YES_ERROR;
				CLANG_WARN_DOCUMENTATION_COMMENTS = YES;
				CLANG_WARN_EMPTY_BODY = YES;
				CLANG_WARN_ENUM_CONVERSION = YES;
				CLANG_WARN_INFINITE_RECURSION = YES;
				CLANG_WARN_INT_CONVERSION = YES;
				CLANG_WARN_NON_LITERAL_NULL_CONVERSION = YES;
				CLANG_WARN_OBJC_IMPLICIT_RETAIN_SELF = YES;
				CLANG_WARN_OBJC_LITERAL_CONVERSION = YES;
				CLANG_WARN_OBJC_ROOT_CLASS = YES_ERROR;
				CLANG_WARN_QUOTED_INCLUDE_IN_FRAMEWORK_HEADER = YES;
				CLANG_WARN_RANGE_LOOP_ANALYSIS = YES;
				CLANG_WARN_STRICT_PROTOTYPES = YES;
				CLANG_WARN_SUSPICIOUS_MOVE = YES;
				CLANG_WARN_UNGUARDED_AVAILABILITY = YES_AGGRESSIVE;
				CLANG_WARN_UNREACHABLE_CODE = YES;
				CLANG_WARN__DUPLICATE_METHOD_MATCH = YES;
				COPY_PHASE_STRIP = NO;
				DEBUG_INFORMATION_FORMAT = "dwarf-with-dsym";
				ENABLE_NS_ASSERTIONS = NO;
				ENABLE_STRICT_OBJC_MSGSEND = YES;
				GCC_C_LANGUAGE_STANDARD = gnu11;
				GCC_NO_COMMON_BLOCKS = YES;
				GCC_WARN_64_TO_32_BIT_CONVERSION = YES;
				GCC_WARN_ABOUT_RETURN_TYPE = YES_ERROR;
				GCC_WARN_UNDECLARED_SELECTOR = YES;
				GCC_WARN_UNINITIALIZED_AUTOS = YES_AGGRESSIVE;
				GCC_WARN_UNUSED_FUNCTION = YES;
				GCC_WARN_UNUSED_VARIABLE = YES;
				MACOSX_DEPLOYMENT_TARGET = 12.3;
				MTL_ENABLE_DEBUG_INFO = NO;
				MTL_FAST_MATH = YES;
				SDKROOT = macosx;
				SWIFT_COMPILATION_MODE = wholemodule;
				SWIFT_OPTIMIZATION_LEVEL = "-O";
			};
			name = Release;
		};
		3F8543D728B1F42A00325DFF /* Debug */ = {
			isa = XCBuildConfiguration;
			buildSettings = {
				ASSETCATALOG_COMPILER_APPICON_NAME = AppIcon;
				ASSETCATALOG_COMPILER_GLOBAL_ACCENT_COLOR_NAME = AccentColor;
				CODE_SIGN_ENTITLEMENTS = Cuppa/Cuppa.entitlements;
				CODE_SIGN_STYLE = Automatic;
				COMBINE_HIDPI_IMAGES = YES;
				CURRENT_PROJECT_VERSION = 1;
				ENABLE_HARDENED_RUNTIME = YES;
				GENERATE_INFOPLIST_FILE = YES;
				INFOPLIST_FILE = Cuppa/Info.plist;
				INFOPLIST_KEY_LSApplicationCategoryType = "public.app-category.utilities";
				INFOPLIST_KEY_NSHumanReadableCopyright = "";
				INFOPLIST_KEY_NSPrincipalClass = NSApplication;
				LD_RUNPATH_SEARCH_PATHS = (
					"$(inherited)",
					"@executable_path/../Frameworks",
				);
				MARKETING_VERSION = 1.0.2;
				PRODUCT_BUNDLE_IDENTIFIER = pigeonseverywhere.Cuppa;
				PRODUCT_NAME = "$(TARGET_NAME)";
				SWIFT_EMIT_LOC_STRINGS = YES;
				SWIFT_VERSION = 5.0;
			};
			name = Debug;
		};
		3F8543D828B1F42A00325DFF /* Release */ = {
			isa = XCBuildConfiguration;
			buildSettings = {
				ASSETCATALOG_COMPILER_APPICON_NAME = AppIcon;
				ASSETCATALOG_COMPILER_GLOBAL_ACCENT_COLOR_NAME = AccentColor;
				CODE_SIGN_ENTITLEMENTS = Cuppa/Cuppa.entitlements;
				CODE_SIGN_STYLE = Automatic;
				COMBINE_HIDPI_IMAGES = YES;
				CURRENT_PROJECT_VERSION = 1;
				ENABLE_HARDENED_RUNTIME = YES;
				GENERATE_INFOPLIST_FILE = YES;
				INFOPLIST_FILE = Cuppa/Info.plist;
				INFOPLIST_KEY_LSApplicationCategoryType = "public.app-category.utilities";
				INFOPLIST_KEY_NSHumanReadableCopyright = "";
				INFOPLIST_KEY_NSPrincipalClass = NSApplication;
				LD_RUNPATH_SEARCH_PATHS = (
					"$(inherited)",
					"@executable_path/../Frameworks",
				);
				MARKETING_VERSION = 1.0.2;
				PRODUCT_BUNDLE_IDENTIFIER = pigeonseverywhere.Cuppa;
				PRODUCT_NAME = "$(TARGET_NAME)";
				SWIFT_EMIT_LOC_STRINGS = YES;
				SWIFT_VERSION = 5.0;
			};
			name = Release;
		};
		3F8543DA28B1F42A00325DFF /* Debug */ = {
			isa = XCBuildConfiguration;
			buildSettings = {
				ALWAYS_EMBED_SWIFT_STANDARD_LIBRARIES = YES;
				BUNDLE_LOADER = "$(TEST_HOST)";
				CODE_SIGN_STYLE = Automatic;
				CURRENT_PROJECT_VERSION = 1;
				GENERATE_INFOPLIST_FILE = YES;
				MACOSX_DEPLOYMENT_TARGET = 12.3;
				MARKETING_VERSION = 1.0;
				PRODUCT_BUNDLE_IDENTIFIER = hats.CuppaTests;
				PRODUCT_NAME = "$(TARGET_NAME)";
				SWIFT_EMIT_LOC_STRINGS = NO;
				SWIFT_VERSION = 5.0;
				TEST_HOST = "$(BUILT_PRODUCTS_DIR)/Cuppa.app/Contents/MacOS/Cuppa";
			};
			name = Debug;
		};
		3F8543DB28B1F42A00325DFF /* Release */ = {
			isa = XCBuildConfiguration;
			buildSettings = {
				ALWAYS_EMBED_SWIFT_STANDARD_LIBRARIES = YES;
				BUNDLE_LOADER = "$(TEST_HOST)";
				CODE_SIGN_STYLE = Automatic;
				CURRENT_PROJECT_VERSION = 1;
				GENERATE_INFOPLIST_FILE = YES;
				MACOSX_DEPLOYMENT_TARGET = 12.3;
				MARKETING_VERSION = 1.0;
				PRODUCT_BUNDLE_IDENTIFIER = hats.CuppaTests;
				PRODUCT_NAME = "$(TARGET_NAME)";
				SWIFT_EMIT_LOC_STRINGS = NO;
				SWIFT_VERSION = 5.0;
				TEST_HOST = "$(BUILT_PRODUCTS_DIR)/Cuppa.app/Contents/MacOS/Cuppa";
			};
			name = Release;
		};
		3F8543DD28B1F42A00325DFF /* Debug */ = {
			isa = XCBuildConfiguration;
			buildSettings = {
				ALWAYS_EMBED_SWIFT_STANDARD_LIBRARIES = YES;
				CODE_SIGN_STYLE = Automatic;
				CURRENT_PROJECT_VERSION = 1;
				GENERATE_INFOPLIST_FILE = YES;
				MARKETING_VERSION = 1.0;
				PRODUCT_BUNDLE_IDENTIFIER = hats.CuppaUITests;
				PRODUCT_NAME = "$(TARGET_NAME)";
				SWIFT_EMIT_LOC_STRINGS = NO;
				SWIFT_VERSION = 5.0;
				TEST_TARGET_NAME = Cuppa;
			};
			name = Debug;
		};
		3F8543DE28B1F42A00325DFF /* Release */ = {
			isa = XCBuildConfiguration;
			buildSettings = {
				ALWAYS_EMBED_SWIFT_STANDARD_LIBRARIES = YES;
				CODE_SIGN_STYLE = Automatic;
				CURRENT_PROJECT_VERSION = 1;
				GENERATE_INFOPLIST_FILE = YES;
				MARKETING_VERSION = 1.0;
				PRODUCT_BUNDLE_IDENTIFIER = hats.CuppaUITests;
				PRODUCT_NAME = "$(TARGET_NAME)";
				SWIFT_EMIT_LOC_STRINGS = NO;
				SWIFT_VERSION = 5.0;
				TEST_TARGET_NAME = Cuppa;
			};
			name = Release;
		};
/* End XCBuildConfiguration section */

/* Begin XCConfigurationList section */
		3F8543AC28B1F42A00325DFF /* Build configuration list for PBXProject "Cuppa" */ = {
			isa = XCConfigurationList;
			buildConfigurations = (
				3F8543D428B1F42A00325DFF /* Debug */,
				3F8543D528B1F42A00325DFF /* Release */,
			);
			defaultConfigurationIsVisible = 0;
			defaultConfigurationName = Release;
		};
		3F8543D628B1F42A00325DFF /* Build configuration list for PBXNativeTarget "Cuppa" */ = {
			isa = XCConfigurationList;
			buildConfigurations = (
				3F8543D728B1F42A00325DFF /* Debug */,
				3F8543D828B1F42A00325DFF /* Release */,
			);
			defaultConfigurationIsVisible = 0;
			defaultConfigurationName = Release;
		};
		3F8543D928B1F42A00325DFF /* Build configuration list for PBXNativeTarget "CuppaTests" */ = {
			isa = XCConfigurationList;
			buildConfigurations = (
				3F8543DA28B1F42A00325DFF /* Debug */,
				3F8543DB28B1F42A00325DFF /* Release */,
			);
			defaultConfigurationIsVisible = 0;
			defaultConfigurationName = Release;
		};
		3F8543DC28B1F42A00325DFF /* Build configuration list for PBXNativeTarget "CuppaUITests" */ = {
			isa = XCConfigurationList;
			buildConfigurations = (
				3F8543DD28B1F42A00325DFF /* Debug */,
				3F8543DE28B1F42A00325DFF /* Release */,
			);
			defaultConfigurationIsVisible = 0;
			defaultConfigurationName = Release;
		};
/* End XCConfigurationList section */
	};
	rootObject = 3F8543A928B1F42A00325DFF /* Project object */;
}
